// !$*UTF8*$!
{
	archiveVersion = 1;
	classes = {
	};
	objectVersion = 50;
	objects = {

/* Begin PBXBuildFile section */
		AC4B9ACE266BA50B0001BAAA /* HappetizersApp.swift in Sources */ = {isa = PBXBuildFile; fileRef = AC4B9ACD266BA50B0001BAAA /* HappetizersApp.swift */; };
		AC4B9AD0266BA50B0001BAAA /* AppetizerTabView.swift in Sources */ = {isa = PBXBuildFile; fileRef = AC4B9ACF266BA50B0001BAAA /* AppetizerTabView.swift */; };
		AC4B9AD2266BA50C0001BAAA /* Assets.xcassets in Resources */ = {isa = PBXBuildFile; fileRef = AC4B9AD1266BA50C0001BAAA /* Assets.xcassets */; };
		AC4B9AD5266BA50C0001BAAA /* Preview Assets.xcassets in Resources */ = {isa = PBXBuildFile; fileRef = AC4B9AD4266BA50C0001BAAA /* Preview Assets.xcassets */; };
		AC4B9AE0266BBC5C0001BAAA /* AppetizerListView.swift in Sources */ = {isa = PBXBuildFile; fileRef = AC4B9ADF266BBC5C0001BAAA /* AppetizerListView.swift */; };
		AC4B9AE3266BBC6E0001BAAA /* AccountView.swift in Sources */ = {isa = PBXBuildFile; fileRef = AC4B9AE2266BBC6E0001BAAA /* AccountView.swift */; };
		AC4B9AE6266BBC760001BAAA /* OrderView.swift in Sources */ = {isa = PBXBuildFile; fileRef = AC4B9AE5266BBC760001BAAA /* OrderView.swift */; };
		AC4B9AEA266BC19A0001BAAA /* Appetizer.swift in Sources */ = {isa = PBXBuildFile; fileRef = AC4B9AE9266BC19A0001BAAA /* Appetizer.swift */; };
		AC4B9AEE266BC31C0001BAAA /* MockData.swift in Sources */ = {isa = PBXBuildFile; fileRef = AC4B9AED266BC31C0001BAAA /* MockData.swift */; };
		AC4B9AF1266BC34D0001BAAA /* mock_appetizers.json in Resources */ = {isa = PBXBuildFile; fileRef = AC4B9AF0266BC34D0001BAAA /* mock_appetizers.json */; };
		AC4B9AF4266BC7610001BAAA /* AppetizerListCell.swift in Sources */ = {isa = PBXBuildFile; fileRef = AC4B9AF3266BC7610001BAAA /* AppetizerListCell.swift */; };
		AC5A37C9266F9D0500F4B65C /* AlertItem.swift in Sources */ = {isa = PBXBuildFile; fileRef = AC5A37C8266F9D0500F4B65C /* AlertItem.swift */; };
		AC5A37CE266FA78900F4B65C /* LoadingView.swift in Sources */ = {isa = PBXBuildFile; fileRef = AC5A37CD266FA78900F4B65C /* LoadingView.swift */; };
		AC5A37D3266FA7D800F4B65C /* Color+Ext.swift in Sources */ = {isa = PBXBuildFile; fileRef = AC5A37D2266FA7D800F4B65C /* Color+Ext.swift */; };
		AC71B157266E587C007DFC5E /* NetworkManager.swift in Sources */ = {isa = PBXBuildFile; fileRef = AC71B156266E587C007DFC5E /* NetworkManager.swift */; };
		AC71B15B266E61C2007DFC5E /* AppetizerListViewModel.swift in Sources */ = {isa = PBXBuildFile; fileRef = AC71B15A266E61C2007DFC5E /* AppetizerListViewModel.swift */; };
		AC71B161266FB97A007DFC5E /* RemoteImage.swift in Sources */ = {isa = PBXBuildFile; fileRef = AC71B160266FB97A007DFC5E /* RemoteImage.swift */; };
		AC71B16426708143007DFC5E /* AppetizerDetailView.swift in Sources */ = {isa = PBXBuildFile; fileRef = AC71B16326708143007DFC5E /* AppetizerDetailView.swift */; };
		AC71B1672670B3D2007DFC5E /* APButton.swift in Sources */ = {isa = PBXBuildFile; fileRef = AC71B1662670B3D2007DFC5E /* APButton.swift */; };
		AC71B16A2670B45D007DFC5E /* XDismissButton.swift in Sources */ = {isa = PBXBuildFile; fileRef = AC71B1692670B45D007DFC5E /* XDismissButton.swift */; };
		AC71B16D26710442007DFC5E /* AccountViewModel.swift in Sources */ = {isa = PBXBuildFile; fileRef = AC71B16C26710442007DFC5E /* AccountViewModel.swift */; };
/* End PBXBuildFile section */

/* Begin PBXFileReference section */
		AC4B9ACA266BA50B0001BAAA /* Happetizers.app */ = {isa = PBXFileReference; explicitFileType = wrapper.application; includeInIndex = 0; path = Happetizers.app; sourceTree = BUILT_PRODUCTS_DIR; };
		AC4B9ACD266BA50B0001BAAA /* HappetizersApp.swift */ = {isa = PBXFileReference; lastKnownFileType = sourcecode.swift; path = HappetizersApp.swift; sourceTree = "<group>"; };
		AC4B9ACF266BA50B0001BAAA /* AppetizerTabView.swift */ = {isa = PBXFileReference; lastKnownFileType = sourcecode.swift; path = AppetizerTabView.swift; sourceTree = "<group>"; };
		AC4B9AD1266BA50C0001BAAA /* Assets.xcassets */ = {isa = PBXFileReference; lastKnownFileType = folder.assetcatalog; path = Assets.xcassets; sourceTree = "<group>"; };
		AC4B9AD4266BA50C0001BAAA /* Preview Assets.xcassets */ = {isa = PBXFileReference; lastKnownFileType = folder.assetcatalog; path = "Preview Assets.xcassets"; sourceTree = "<group>"; };
		AC4B9AD6266BA50C0001BAAA /* Info.plist */ = {isa = PBXFileReference; lastKnownFileType = text.plist.xml; path = Info.plist; sourceTree = "<group>"; };
		AC4B9ADF266BBC5C0001BAAA /* AppetizerListView.swift */ = {isa = PBXFileReference; lastKnownFileType = sourcecode.swift; path = AppetizerListView.swift; sourceTree = "<group>"; };
		AC4B9AE2266BBC6E0001BAAA /* AccountView.swift */ = {isa = PBXFileReference; lastKnownFileType = sourcecode.swift; path = AccountView.swift; sourceTree = "<group>"; };
		AC4B9AE5266BBC760001BAAA /* OrderView.swift */ = {isa = PBXFileReference; lastKnownFileType = sourcecode.swift; path = OrderView.swift; sourceTree = "<group>"; };
		AC4B9AE9266BC19A0001BAAA /* Appetizer.swift */ = {isa = PBXFileReference; lastKnownFileType = sourcecode.swift; path = Appetizer.swift; sourceTree = "<group>"; };
		AC4B9AED266BC31C0001BAAA /* MockData.swift */ = {isa = PBXFileReference; lastKnownFileType = sourcecode.swift; path = MockData.swift; sourceTree = "<group>"; };
		AC4B9AF0266BC34D0001BAAA /* mock_appetizers.json */ = {isa = PBXFileReference; lastKnownFileType = text.json; path = mock_appetizers.json; sourceTree = "<group>"; };
		AC4B9AF3266BC7610001BAAA /* AppetizerListCell.swift */ = {isa = PBXFileReference; lastKnownFileType = sourcecode.swift; path = AppetizerListCell.swift; sourceTree = "<group>"; };
		AC5A37C8266F9D0500F4B65C /* AlertItem.swift */ = {isa = PBXFileReference; lastKnownFileType = sourcecode.swift; path = AlertItem.swift; sourceTree = "<group>"; };
		AC5A37CD266FA78900F4B65C /* LoadingView.swift */ = {isa = PBXFileReference; lastKnownFileType = sourcecode.swift; path = LoadingView.swift; sourceTree = "<group>"; };
		AC5A37D2266FA7D800F4B65C /* Color+Ext.swift */ = {isa = PBXFileReference; lastKnownFileType = sourcecode.swift; path = "Color+Ext.swift"; sourceTree = "<group>"; };
		AC71B156266E587C007DFC5E /* NetworkManager.swift */ = {isa = PBXFileReference; lastKnownFileType = sourcecode.swift; path = NetworkManager.swift; sourceTree = "<group>"; };
		AC71B15A266E61C2007DFC5E /* AppetizerListViewModel.swift */ = {isa = PBXFileReference; lastKnownFileType = sourcecode.swift; path = AppetizerListViewModel.swift; sourceTree = "<group>"; };
		AC71B160266FB97A007DFC5E /* RemoteImage.swift */ = {isa = PBXFileReference; lastKnownFileType = sourcecode.swift; path = RemoteImage.swift; sourceTree = "<group>"; };
		AC71B16326708143007DFC5E /* AppetizerDetailView.swift */ = {isa = PBXFileReference; lastKnownFileType = sourcecode.swift; path = AppetizerDetailView.swift; sourceTree = "<group>"; };
		AC71B1662670B3D2007DFC5E /* APButton.swift */ = {isa = PBXFileReference; lastKnownFileType = sourcecode.swift; path = APButton.swift; sourceTree = "<group>"; };
		AC71B1692670B45D007DFC5E /* XDismissButton.swift */ = {isa = PBXFileReference; lastKnownFileType = sourcecode.swift; path = XDismissButton.swift; sourceTree = "<group>"; };
		AC71B16C26710442007DFC5E /* AccountViewModel.swift */ = {isa = PBXFileReference; lastKnownFileType = sourcecode.swift; path = AccountViewModel.swift; sourceTree = "<group>"; };
/* End PBXFileReference section */

/* Begin PBXFrameworksBuildPhase section */
		AC4B9AC7266BA50B0001BAAA /* Frameworks */ = {
			isa = PBXFrameworksBuildPhase;
			buildActionMask = 2147483647;
			files = (
			);
			runOnlyForDeploymentPostprocessing = 0;
		};
/* End PBXFrameworksBuildPhase section */

/* Begin PBXGroup section */
		AC4B9AC1266BA50B0001BAAA = {
			isa = PBXGroup;
			children = (
				AC4B9ACC266BA50B0001BAAA /* Happetizers */,
				AC4B9ACB266BA50B0001BAAA /* Products */,
			);
			sourceTree = "<group>";
		};
		AC4B9ACB266BA50B0001BAAA /* Products */ = {
			isa = PBXGroup;
			children = (
				AC4B9ACA266BA50B0001BAAA /* Happetizers.app */,
			);
			name = Products;
			sourceTree = "<group>";
		};
		AC4B9ACC266BA50B0001BAAA /* Happetizers */ = {
			isa = PBXGroup;
			children = (
				AC5A37D1266FA7CC00F4B65C /* Extensions */,
				AC5A37CB266FA77600F4B65C /* UIKit */,
				AC71B155266E585A007DFC5E /* Network */,
				AC4B9AE8266BC1070001BAAA /* Models */,
				AC4B9ACD266BA50B0001BAAA /* HappetizersApp.swift */,
				AC4B9ACF266BA50B0001BAAA /* AppetizerTabView.swift */,
				AC4B9AD1266BA50C0001BAAA /* Assets.xcassets */,
				AC4B9AD6266BA50C0001BAAA /* Info.plist */,
				AC4B9AD3266BA50C0001BAAA /* Preview Content */,
				AC4B9ADF266BBC5C0001BAAA /* AppetizerListView.swift */,
				AC4B9AE2266BBC6E0001BAAA /* AccountView.swift */,
				AC4B9AE5266BBC760001BAAA /* OrderView.swift */,
				AC4B9AED266BC31C0001BAAA /* MockData.swift */,
				AC4B9AF0266BC34D0001BAAA /* mock_appetizers.json */,
				AC4B9AF3266BC7610001BAAA /* AppetizerListCell.swift */,
				AC71B15A266E61C2007DFC5E /* AppetizerListViewModel.swift */,
				AC71B160266FB97A007DFC5E /* RemoteImage.swift */,
				AC71B16326708143007DFC5E /* AppetizerDetailView.swift */,
				AC71B1662670B3D2007DFC5E /* APButton.swift */,
				AC71B1692670B45D007DFC5E /* XDismissButton.swift */,
				AC71B16C26710442007DFC5E /* AccountViewModel.swift */,
			);
			path = Happetizers;
			sourceTree = "<group>";
		};
		AC4B9AD3266BA50C0001BAAA /* Preview Content */ = {
			isa = PBXGroup;
			children = (
				AC4B9AD4266BA50C0001BAAA /* Preview Assets.xcassets */,
			);
			path = "Preview Content";
			sourceTree = "<group>";
		};
		AC4B9AE8266BC1070001BAAA /* Models */ = {
			isa = PBXGroup;
			children = (
				AC4B9AE9266BC19A0001BAAA /* Appetizer.swift */,
				AC5A37C8266F9D0500F4B65C /* AlertItem.swift */,
			);
			path = Models;
			sourceTree = "<group>";
		};
		AC5A37CB266FA77600F4B65C /* UIKit */ = {
			isa = PBXGroup;
			children = (
				AC5A37CC266FA77C00F4B65C /* UIViews */,
			);
			path = UIKit;
			sourceTree = "<group>";
		};
		AC5A37CC266FA77C00F4B65C /* UIViews */ = {
			isa = PBXGroup;
			children = (
				AC5A37CD266FA78900F4B65C /* LoadingView.swift */,
			);
			path = UIViews;
			sourceTree = "<group>";
		};
		AC5A37D1266FA7CC00F4B65C /* Extensions */ = {
			isa = PBXGroup;
			children = (
				AC5A37D2266FA7D800F4B65C /* Color+Ext.swift */,
			);
			path = Extensions;
			sourceTree = "<group>";
		};
		AC71B155266E585A007DFC5E /* Network */ = {
			isa = PBXGroup;
			children = (
				AC71B156266E587C007DFC5E /* NetworkManager.swift */,
			);
			path = Network;
			sourceTree = "<group>";
		};
/* End PBXGroup section */

/* Begin PBXNativeTarget section */
		AC4B9AC9266BA50B0001BAAA /* Happetizers */ = {
			isa = PBXNativeTarget;
			buildConfigurationList = AC4B9AD9266BA50C0001BAAA /* Build configuration list for PBXNativeTarget "Happetizers" */;
			buildPhases = (
				AC4B9AC6266BA50B0001BAAA /* Sources */,
				AC4B9AC7266BA50B0001BAAA /* Frameworks */,
				AC4B9AC8266BA50B0001BAAA /* Resources */,
			);
			buildRules = (
			);
			dependencies = (
			);
			name = Happetizers;
			productName = Happetizers;
			productReference = AC4B9ACA266BA50B0001BAAA /* Happetizers.app */;
			productType = "com.apple.product-type.application";
		};
/* End PBXNativeTarget section */

/* Begin PBXProject section */
		AC4B9AC2266BA50B0001BAAA /* Project object */ = {
			isa = PBXProject;
			attributes = {
				LastSwiftUpdateCheck = 1230;
				LastUpgradeCheck = 1230;
				TargetAttributes = {
					AC4B9AC9266BA50B0001BAAA = {
						CreatedOnToolsVersion = 12.3;
					};
				};
			};
			buildConfigurationList = AC4B9AC5266BA50B0001BAAA /* Build configuration list for PBXProject "Happetizers" */;
			compatibilityVersion = "Xcode 9.3";
			developmentRegion = en;
			hasScannedForEncodings = 0;
			knownRegions = (
				en,
				Base,
			);
			mainGroup = AC4B9AC1266BA50B0001BAAA;
			productRefGroup = AC4B9ACB266BA50B0001BAAA /* Products */;
			projectDirPath = "";
			projectRoot = "";
			targets = (
				AC4B9AC9266BA50B0001BAAA /* Happetizers */,
			);
		};
/* End PBXProject section */

/* Begin PBXResourcesBuildPhase section */
		AC4B9AC8266BA50B0001BAAA /* Resources */ = {
			isa = PBXResourcesBuildPhase;
			buildActionMask = 2147483647;
			files = (
				AC4B9AD5266BA50C0001BAAA /* Preview Assets.xcassets in Resources */,
				AC4B9AD2266BA50C0001BAAA /* Assets.xcassets in Resources */,
				AC4B9AF1266BC34D0001BAAA /* mock_appetizers.json in Resources */,
			);
			runOnlyForDeploymentPostprocessing = 0;
		};
/* End PBXResourcesBuildPhase section */

/* Begin PBXSourcesBuildPhase section */
		AC4B9AC6266BA50B0001BAAA /* Sources */ = {
			isa = PBXSourcesBuildPhase;
			buildActionMask = 2147483647;
			files = (
				AC5A37C9266F9D0500F4B65C /* AlertItem.swift in Sources */,
				AC71B157266E587C007DFC5E /* NetworkManager.swift in Sources */,
				AC71B16A2670B45D007DFC5E /* XDismissButton.swift in Sources */,
				AC4B9AEA266BC19A0001BAAA /* Appetizer.swift in Sources */,
				AC71B16D26710442007DFC5E /* AccountViewModel.swift in Sources */,
				AC4B9AE3266BBC6E0001BAAA /* AccountView.swift in Sources */,
				AC5A37D3266FA7D800F4B65C /* Color+Ext.swift in Sources */,
				AC71B15B266E61C2007DFC5E /* AppetizerListViewModel.swift in Sources */,
				AC71B1672670B3D2007DFC5E /* APButton.swift in Sources */,
				AC5A37CE266FA78900F4B65C /* LoadingView.swift in Sources */,
				AC4B9AF4266BC7610001BAAA /* AppetizerListCell.swift in Sources */,
				AC4B9AD0266BA50B0001BAAA /* AppetizerTabView.swift in Sources */,
				AC71B161266FB97A007DFC5E /* RemoteImage.swift in Sources */,
				AC71B16426708143007DFC5E /* AppetizerDetailView.swift in Sources */,
				AC4B9ACE266BA50B0001BAAA /* HappetizersApp.swift in Sources */,
				AC4B9AE0266BBC5C0001BAAA /* AppetizerListView.swift in Sources */,
				AC4B9AEE266BC31C0001BAAA /* MockData.swift in Sources */,
				AC4B9AE6266BBC760001BAAA /* OrderView.swift in Sources */,
			);
			runOnlyForDeploymentPostprocessing = 0;
		};
/* End PBXSourcesBuildPhase section */

/* Begin XCBuildConfiguration section */
		AC4B9AD7266BA50C0001BAAA /* Debug */ = {
			isa = XCBuildConfiguration;
			buildSettings = {
				ALWAYS_SEARCH_USER_PATHS = NO;
				CLANG_ANALYZER_NONNULL = YES;
				CLANG_ANALYZER_NUMBER_OBJECT_CONVERSION = YES_AGGRESSIVE;
				CLANG_CXX_LANGUAGE_STANDARD = "gnu++14";
				CLANG_CXX_LIBRARY = "libc++";
				CLANG_ENABLE_MODULES = YES;
				CLANG_ENABLE_OBJC_ARC = YES;
				CLANG_ENABLE_OBJC_WEAK = YES;
				CLANG_WARN_BLOCK_CAPTURE_AUTORELEASING = YES;
				CLANG_WARN_BOOL_CONVERSION = YES;
				CLANG_WARN_COMMA = YES;
				CLANG_WARN_CONSTANT_CONVERSION = YES;
				CLANG_WARN_DEPRECATED_OBJC_IMPLEMENTATIONS = YES;
				CLANG_WARN_DIRECT_OBJC_ISA_USAGE = YES_ERROR;
				CLANG_WARN_DOCUMENTATION_COMMENTS = YES;
				CLANG_WARN_EMPTY_BODY = YES;
				CLANG_WARN_ENUM_CONVERSION = YES;
				CLANG_WARN_INFINITE_RECURSION = YES;
				CLANG_WARN_INT_CONVERSION = YES;
				CLANG_WARN_NON_LITERAL_NULL_CONVERSION = YES;
				CLANG_WARN_OBJC_IMPLICIT_RETAIN_SELF = YES;
				CLANG_WARN_OBJC_LITERAL_CONVERSION = YES;
				CLANG_WARN_OBJC_ROOT_CLASS = YES_ERROR;
				CLANG_WARN_QUOTED_INCLUDE_IN_FRAMEWORK_HEADER = YES;
				CLANG_WARN_RANGE_LOOP_ANALYSIS = YES;
				CLANG_WARN_STRICT_PROTOTYPES = YES;
				CLANG_WARN_SUSPICIOUS_MOVE = YES;
				CLANG_WARN_UNGUARDED_AVAILABILITY = YES_AGGRESSIVE;
				CLANG_WARN_UNREACHABLE_CODE = YES;
				CLANG_WARN__DUPLICATE_METHOD_MATCH = YES;
				COPY_PHASE_STRIP = NO;
				DEBUG_INFORMATION_FORMAT = dwarf;
				ENABLE_STRICT_OBJC_MSGSEND = YES;
				ENABLE_TESTABILITY = YES;
				GCC_C_LANGUAGE_STANDARD = gnu11;
				GCC_DYNAMIC_NO_PIC = NO;
				GCC_NO_COMMON_BLOCKS = YES;
				GCC_OPTIMIZATION_LEVEL = 0;
				GCC_PREPROCESSOR_DEFINITIONS = (
					"DEBUG=1",
					"$(inherited)",
				);
				GCC_WARN_64_TO_32_BIT_CONVERSION = YES;
				GCC_WARN_ABOUT_RETURN_TYPE = YES_ERROR;
				GCC_WARN_UNDECLARED_SELECTOR = YES;
				GCC_WARN_UNINITIALIZED_AUTOS = YES_AGGRESSIVE;
				GCC_WARN_UNUSED_FUNCTION = YES;
				GCC_WARN_UNUSED_VARIABLE = YES;
				IPHONEOS_DEPLOYMENT_TARGET = 14.3;
				MTL_ENABLE_DEBUG_INFO = INCLUDE_SOURCE;
				MTL_FAST_MATH = YES;
				ONLY_ACTIVE_ARCH = YES;
				SDKROOT = iphoneos;
				SWIFT_ACTIVE_COMPILATION_CONDITIONS = DEBUG;
				SWIFT_OPTIMIZATION_LEVEL = "-Onone";
			};
			name = Debug;
		};
		AC4B9AD8266BA50C0001BAAA /* Release */ = {
			isa = XCBuildConfiguration;
			buildSettings = {
				ALWAYS_SEARCH_USER_PATHS = NO;
				CLANG_ANALYZER_NONNULL = YES;
				CLANG_ANALYZER_NUMBER_OBJECT_CONVERSION = YES_AGGRESSIVE;
				CLANG_CXX_LANGUAGE_STANDARD = "gnu++14";
				CLANG_CXX_LIBRARY = "libc++";
				CLANG_ENABLE_MODULES = YES;
				CLANG_ENABLE_OBJC_ARC = YES;
				CLANG_ENABLE_OBJC_WEAK = YES;
				CLANG_WARN_BLOCK_CAPTURE_AUTORELEASING = YES;
				CLANG_WARN_BOOL_CONVERSION = YES;
				CLANG_WARN_COMMA = YES;
				CLANG_WARN_CONSTANT_CONVERSION = YES;
				CLANG_WARN_DEPRECATED_OBJC_IMPLEMENTATIONS = YES;
				CLANG_WARN_DIRECT_OBJC_ISA_USAGE = YES_ERROR;
				CLANG_WARN_DOCUMENTATION_COMMENTS = YES;
				CLANG_WARN_EMPTY_BODY = YES;
				CLANG_WARN_ENUM_CONVERSION = YES;
				CLANG_WARN_INFINITE_RECURSION = YES;
				CLANG_WARN_INT_CONVERSION = YES;
				CLANG_WARN_NON_LITERAL_NULL_CONVERSION = YES;
				CLANG_WARN_OBJC_IMPLICIT_RETAIN_SELF = YES;
				CLANG_WARN_OBJC_LITERAL_CONVERSION = YES;
				CLANG_WARN_OBJC_ROOT_CLASS = YES_ERROR;
				CLANG_WARN_QUOTED_INCLUDE_IN_FRAMEWORK_HEADER = YES;
				CLANG_WARN_RANGE_LOOP_ANALYSIS = YES;
				CLANG_WARN_STRICT_PROTOTYPES = YES;
				CLANG_WARN_SUSPICIOUS_MOVE = YES;
				CLANG_WARN_UNGUARDED_AVAILABILITY = YES_AGGRESSIVE;
				CLANG_WARN_UNREACHABLE_CODE = YES;
				CLANG_WARN__DUPLICATE_METHOD_MATCH = YES;
				COPY_PHASE_STRIP = NO;
				DEBUG_INFORMATION_FORMAT = "dwarf-with-dsym";
				ENABLE_NS_ASSERTIONS = NO;
				ENABLE_STRICT_OBJC_MSGSEND = YES;
				GCC_C_LANGUAGE_STANDARD = gnu11;
				GCC_NO_COMMON_BLOCKS = YES;
				GCC_WARN_64_TO_32_BIT_CONVERSION = YES;
				GCC_WARN_ABOUT_RETURN_TYPE = YES_ERROR;
				GCC_WARN_UNDECLARED_SELECTOR = YES;
				GCC_WARN_UNINITIALIZED_AUTOS = YES_AGGRESSIVE;
				GCC_WARN_UNUSED_FUNCTION = YES;
				GCC_WARN_UNUSED_VARIABLE = YES;
				IPHONEOS_DEPLOYMENT_TARGET = 14.3;
				MTL_ENABLE_DEBUG_INFO = NO;
				MTL_FAST_MATH = YES;
				SDKROOT = iphoneos;
				SWIFT_COMPILATION_MODE = wholemodule;
				SWIFT_OPTIMIZATION_LEVEL = "-O";
				VALIDATE_PRODUCT = YES;
			};
			name = Release;
		};
		AC4B9ADA266BA50C0001BAAA /* Debug */ = {
			isa = XCBuildConfiguration;
			buildSettings = {
				ASSETCATALOG_COMPILER_APPICON_NAME = AppIcon;
				ASSETCATALOG_COMPILER_GLOBAL_ACCENT_COLOR_NAME = AccentColor;
				CODE_SIGN_STYLE = Automatic;
				DEVELOPMENT_ASSET_PATHS = "\"Happetizers/Preview Content\"";
				DEVELOPMENT_TEAM = Q394T8X59Y;
				ENABLE_PREVIEWS = YES;
				INFOPLIST_FILE = Happetizers/Info.plist;
				IPHONEOS_DEPLOYMENT_TARGET = 14.0;
				LD_RUNPATH_SEARCH_PATHS = (
					"$(inherited)",
					"@executable_path/Frameworks",
				);
				PRODUCT_BUNDLE_IDENTIFIER = com.sagardagdu.Happetizers;
				PRODUCT_NAME = "$(TARGET_NAME)";
				SWIFT_VERSION = 5.0;
				TARGETED_DEVICE_FAMILY = "1,2";
			};
			name = Debug;
		};
		AC4B9ADB266BA50C0001BAAA /* Release */ = {
			isa = XCBuildConfiguration;
			buildSettings = {
				ASSETCATALOG_COMPILER_APPICON_NAME = AppIcon;
				ASSETCATALOG_COMPILER_GLOBAL_ACCENT_COLOR_NAME = AccentColor;
				CODE_SIGN_STYLE = Automatic;
				DEVELOPMENT_ASSET_PATHS = "\"Happetizers/Preview Content\"";
				DEVELOPMENT_TEAM = Q394T8X59Y;
				ENABLE_PREVIEWS = YES;
				INFOPLIST_FILE = Happetizers/Info.plist;
				IPHONEOS_DEPLOYMENT_TARGET = 14.0;
				LD_RUNPATH_SEARCH_PATHS = (
					"$(inherited)",
					"@executable_path/Frameworks",
				);
				PRODUCT_BUNDLE_IDENTIFIER = com.sagardagdu.Happetizers;
				PRODUCT_NAME = "$(TARGET_NAME)";
				SWIFT_VERSION = 5.0;
				TARGETED_DEVICE_FAMILY = "1,2";
			};
			name = Release;
		};
/* End XCBuildConfiguration section */

/* Begin XCConfigurationList section */
		AC4B9AC5266BA50B0001BAAA /* Build configuration list for PBXProject "Happetizers" */ = {
			isa = XCConfigurationList;
			buildConfigurations = (
				AC4B9AD7266BA50C0001BAAA /* Debug */,
				AC4B9AD8266BA50C0001BAAA /* Release */,
			);
			defaultConfigurationIsVisible = 0;
			defaultConfigurationName = Release;
		};
		AC4B9AD9266BA50C0001BAAA /* Build configuration list for PBXNativeTarget "Happetizers" */ = {
			isa = XCConfigurationList;
			buildConfigurations = (
				AC4B9ADA266BA50C0001BAAA /* Debug */,
				AC4B9ADB266BA50C0001BAAA /* Release */,
			);
			defaultConfigurationIsVisible = 0;
			defaultConfigurationName = Release;
		};
/* End XCConfigurationList section */
	};
	rootObject = AC4B9AC2266BA50B0001BAAA /* Project object */;
}
